lockfileVersion: '9.0'

settings:
  autoInstallPeers: true
  excludeLinksFromLockfile: false

importers:

  .:
    dependencies:
      '@actions/cache':
        specifier: ^4.1.0
        version: 4.1.0
      '@actions/core':
        specifier: ^1.10.1
        version: 1.11.1
      '@actions/exec':
        specifier: ^1.1.1
        version: 1.1.1
      '@actions/glob':
        specifier: ^0.5.0
        version: 0.5.1
      '@types/expand-tilde':
        specifier: ^2.0.2
        version: 2.0.2
      '@types/node':
        specifier: ^22.0.0
        version: 22.20.1
      axios:
        specifier: ^1.13.2
        version: 1.18.1
      expand-tilde:
        specifier: ^2.0.2
        version: 2.0.2
      yaml:
        specifier: ^2.3.4
        version: 2.9.0
      zod:
        specifier: ^3.22.4
        version: 3.25.76
    devDependencies:
      esbuild:
        specifier: ^0.27.4
        version: 0.27.7
      typescript:
        specifier: ^5.3.3
        version: 5.9.3

packages:

  '@actions/cache@4.1.0':
    resolution: {integrity: sha512-z3Opg+P4Y7baq+g1dODXgdtsvPLSewr3ZKpp3U0HQR1A/vWCoJFS52XSezjdngo4SIOdR5oHtyK3a3Arar+X9A==}

  '@actions/core@1.11.1':
    resolution: {integrity: sha512-hXJCSrkwfA46Vd9Z3q4cpEpHB1rL5NG04+/rbqW9d3+CSvtB1tYe8UTpAlixa1vj0m/ULglfEK2UKxMGxCxv5A==}

  '@actions/core@2.0.3':
    resolution: {integrity: sha512-Od9Thc3T1mQJYddvVPM4QGiLUewdh+3txmDYHHxoNdkqysR1MbCT+rFOtNUxYAz+7+6RIsqipVahY2GJqGPyxA==}

  '@actions/exec@1.1.1':
    resolution: {integrity: sha512-+sCcHHbVdk93a0XT19ECtO/gIXoxvdsgQLzb2fE2/5sIZmWQuluYyjPQtrtTHdU1YzTZ7bAPN4sITq2xi1679w==}

  '@actions/exec@2.0.0':
    resolution: {integrity: sha512-k8ngrX2voJ/RIN6r9xB82NVqKpnMRtxDoiO+g3olkIUpQNqjArXrCQceduQZCQj3P3xm32pChRLqRrtXTlqhIw==}

  '@actions/glob@0.1.2':
    resolution: {integrity: sha512-SclLR7Ia5sEqjkJTPs7Sd86maMDw43p769YxBOxvPvEWuPEhpAnBsQfENOpXjFYMmhCqd127bmf+YdvJqVqR4A==}

  '@actions/glob@0.5.1':
    resolution: {integrity: sha512-+dv/t2aKQdKp9WWSp+1yIXVJzH5Q38M0Mta26pzIbeec14EcIleMB7UU6N7sNgbEuYfyuVGpE5pOKjl6j1WXkA==}

  '@actions/http-client@2.2.3':
    resolution: {integrity: sha512-mx8hyJi/hjFvbPokCg4uRd4ZX78t+YyRPtnKWwIl+RzNaVuFpQHfmlGVfsKEJN8LwTCvL+DfVgAM04XaHkm6bA==}

  '@actions/http-client@3.0.2':
    resolution: {integrity: sha512-JP38FYYpyqvUsz+Igqlc/JG6YO9PaKuvqjM3iGvaLqFnJ7TFmcLyy2IDrY0bI0qCQug8E9K+elv5ZNfw62ZJzA==}

  '@actions/io@1.1.3':
    resolution: {integrity: sha512-wi9JjgKLYS7U/z8PPbco+PvTb/nRWjeoFlJ1Qer83k/3C5PHQi28hiVdeE2kHXmIL99mQFawx8qt/JPjZilJ8Q==}

  '@actions/io@2.0.0':
    resolution: {integrity: sha512-Jv33IN09XLO+0HS79aaODsvIRyduiF7NY/F6LYeK5oeUmrsz7aFdRphQjFoESF4jS7lMauDOttKALcpapVDIAg==}

  '@azure/abort-controller@1.1.0':
    resolution: {integrity: sha512-TrRLIoSQVzfAJX9H1JeFjzAoDGcoK1IYX1UImfceTZpsyYfWr09Ss1aHW1y5TrrR3iq6RZLBwJ3E24uwPhwahw==}
    engines: {node: '>=12.0.0'}

  '@azure/abort-controller@2.1.2':
    resolution: {integrity: sha512-nBrLsEWm4J2u5LpAPjxADTlq3trDgVZZXHNKabeXZtpq3d3AbN/KGO82R87rdDz5/lYB024rtEf10/q0urNgsA==}
    engines: {node: '>=18.0.0'}

  '@azure/core-auth@1.10.1':
    resolution: {integrity: sha512-ykRMW8PjVAn+RS6ww5cmK9U2CyH9p4Q88YJwvUslfuMmN98w/2rdGRLPqJYObapBCdzBVeDgYWdJnFPFb7qzpg==}
    engines: {node: '>=20.0.0'}

  '@azure/core-client@1.10.2':
    resolution: {integrity: sha512-1D2LpsU7y9xrqKjdIbsB7PlrRePw0xsVV8p+AKTlzITrWmscajryfJCdDJB/oGwvDI5HmRo04eMMADB67uwAwQ==}
    engines: {node: '>=20.0.0'}

  '@azure/core-http-compat@2.4.0':
    resolution: {integrity: sha512-f1P96IB399YiN2ARYHP7EpZi3Bf3wH4SN2lGzrw7JVwm7bbsVYtf2iKSBwTywD2P62NOPZGHFSZi+6jjb75JuA==}
    engines: {node: '>=20.0.0'}
    peerDependencies:
      '@azure/core-client': ^1.10.0
      '@azure/core-rest-pipeline': ^1.22.0

  '@azure/core-lro@2.7.2':
    resolution: {integrity: sha512-0YIpccoX8m/k00O7mDDMdJpbr6mf1yWo2dfmxt5A8XVZVVMz2SSKaEbMCeJRvgQ0IaSlqhjT47p4hVIRRy90xw==}
    engines: {node: '>=18.0.0'}

  '@azure/core-paging@1.6.2':
    resolution: {integrity: sha512-YKWi9YuCU04B55h25cnOYZHxXYtEvQEbKST5vqRga7hWY9ydd3FZHdeQF8pyh+acWZvppw13M/LMGx0LABUVMA==}
    engines: {node: '>=18.0.0'}

  '@azure/core-rest-pipeline@1.24.0':
    resolution: {integrity: sha512-PpLsoDQ3AMmKZ0VU+0GrmqMxgp/sExjlVm4R+nLWngeoEGAzOIPVifaxKGU5gMv+nWELUoHfvrolWD+ZS/nFJg==}
    engines: {node: '>=20.0.0'}

  '@azure/core-tracing@1.3.1':
    resolution: {integrity: sha512-9MWKevR7Hz8kNzzPLfX4EAtGM2b8mr50HPDBvio96bURP/9C+HjdH3sBlLSNNrvRAr5/k/svoH457gB5IKpmwQ==}
    engines: {node: '>=20.0.0'}

  '@azure/core-util@1.13.1':
    resolution: {integrity: sha512-XPArKLzsvl0Hf0CaGyKHUyVgF7oDnhKoP85Xv6M4StF/1AhfORhZudHtOyf2s+FcbuQ9dPRAjB8J2KvRRMUK2A==}
    engines: {node: '>=20.0.0'}

  '@azure/core-xml@1.5.1':
    resolution: {integrity: sha512-xcNRHqCoSp4AunOALEae6A8f3qATb83gSrm31Iqb01OzblvC3/W/bfXozcq78EzIdzZzuH1bZ2NvRR0TdX709w==}
    engines: {node: '>=20.0.0'}

  '@azure/logger@1.3.0':
    resolution: {integrity: sha512-fCqPIfOcLE+CGqGPd66c8bZpwAji98tZ4JI9i/mlTNTlsIWslCfpg48s/ypyLxZTump5sypjrKn2/kY7q8oAbA==}
    engines: {node: '>=20.0.0'}

  '@azure/ms-rest-js@2.7.0':
    resolution: {integrity: sha512-ngbzWbqF+NmztDOpLBVDxYM+XLcUj7nKhxGbSU9WtIsXfRB//cf2ZbAG5HkOrhU9/wd/ORRB6lM/d69RKVjiyA==}
    deprecated: This package has been deprecated in favor of the new Azure SDK packages from [Azure SDK for JavaScript](https://github.com/azure/azure-sdk-for-js).

  '@azure/storage-blob@12.33.0':
    resolution: {integrity: sha512-2SX8oP8PyblUcAFZSg39c8Ls+tFjavM6sBeV+qpw33mRzRhI/5hrFJmJ/x0H9xx5l6ECPvgSP8uPxqTeVbHNIA==}
    engines: {node: '>=22.0.0'}

  '@azure/storage-common@12.4.1':
    resolution: {integrity: sha512-t14unw/WofGDUi7TKJrsyXyPsN+NLgRm7hMaq0llxNmTIzt7f257+6LE6FKIJPh88zLj6M7LPvzve0fEYg/L3A==}
    engines: {node: '>=20.0.0'}

  '@esbuild/aix-ppc64@0.27.7':
    resolution: {integrity: sha512-EKX3Qwmhz1eMdEJokhALr0YiD0lhQNwDqkPYyPhiSwKrh7/4KRjQc04sZ8db+5DVVnZ1LmbNDI1uAMPEUBnQPg==}
    engines: {node: '>=18'}
    cpu: [ppc64]
    os: [aix]

  '@esbuild/android-arm64@0.27.7':
    resolution: {integrity: sha512-62dPZHpIXzvChfvfLJow3q5dDtiNMkwiRzPylSCfriLvZeq0a1bWChrGx/BbUbPwOrsWKMn8idSllklzBy+dgQ==}
    engines: {node: '>=18'}
    cpu: [arm64]
    os: [android]

  '@esbuild/android-arm@0.27.7':
    resolution: {integrity: sha512-jbPXvB4Yj2yBV7HUfE2KHe4GJX51QplCN1pGbYjvsyCZbQmies29EoJbkEc+vYuU5o45AfQn37vZlyXy4YJ8RQ==}
    engines: {node: '>=18'}
    cpu: [arm]
    os: [android]

  '@esbuild/android-x64@0.27.7':
    resolution: {integrity: sha512-x5VpMODneVDb70PYV2VQOmIUUiBtY3D3mPBG8NxVk5CogneYhkR7MmM3yR/uMdITLrC1ml/NV1rj4bMJuy9MCg==}
    engines: {node: '>=18'}
    cpu: [x64]
    os: [android]

  '@esbuild/darwin-arm64@0.27.7':
    resolution: {integrity: sha512-5lckdqeuBPlKUwvoCXIgI2D9/ABmPq3Rdp7IfL70393YgaASt7tbju3Ac+ePVi3KDH6N2RqePfHnXkaDtY9fkw==}
    engines: {node: '>=18'}
    cpu: [arm64]
    os: [darwin]

  '@esbuild/darwin-x64@0.27.7':
    resolution: {integrity: sha512-rYnXrKcXuT7Z+WL5K980jVFdvVKhCHhUwid+dDYQpH+qu+TefcomiMAJpIiC2EM3Rjtq0sO3StMV/+3w3MyyqQ==}
    engines: {node: '>=18'}
    cpu: [x64]
    os: [darwin]

  '@esbuild/freebsd-arm64@0.27.7':
    resolution: {integrity: sha512-B48PqeCsEgOtzME2GbNM2roU29AMTuOIN91dsMO30t+Ydis3z/3Ngoj5hhnsOSSwNzS+6JppqWsuhTp6E82l2w==}
    engines: {node: '>=18'}
    cpu: [arm64]
    os: [freebsd]

  '@esbuild/freebsd-x64@0.27.7':
    resolution: {integrity: sha512-jOBDK5XEjA4m5IJK3bpAQF9/Lelu/Z9ZcdhTRLf4cajlB+8VEhFFRjWgfy3M1O4rO2GQ/b2dLwCUGpiF/eATNQ==}
    engines: {node: '>=18'}
    cpu: [x64]
    os: [freebsd]

  '@esbuild/linux-arm64@0.27.7':
    resolution: {integrity: sha512-RZPHBoxXuNnPQO9rvjh5jdkRmVizktkT7TCDkDmQ0W2SwHInKCAV95GRuvdSvA7w4VMwfCjUiPwDi0ZO6Nfe9A==}
    engines: {node: '>=18'}
    cpu: [arm64]
    os: [linux]

  '@esbuild/linux-arm@0.27.7':
    resolution: {integrity: sha512-RkT/YXYBTSULo3+af8Ib0ykH8u2MBh57o7q/DAs3lTJlyVQkgQvlrPTnjIzzRPQyavxtPtfg0EopvDyIt0j1rA==}
    engines: {node: '>=18'}
    cpu: [arm]
    os: [linux]

  '@esbuild/linux-ia32@0.27.7':
    resolution: {integrity: sha512-GA48aKNkyQDbd3KtkplYWT102C5sn/EZTY4XROkxONgruHPU72l+gW+FfF8tf2cFjeHaRbWpOYa/uRBz/Xq1Pg==}
    engines: {node: '>=18'}
    cpu: [ia32]
    os: [linux]

  '@esbuild/linux-loong64@0.27.7':
    resolution: {integrity: sha512-a4POruNM2oWsD4WKvBSEKGIiWQF8fZOAsycHOt6JBpZ+JN2n2JH9WAv56SOyu9X5IqAjqSIPTaJkqN8F7XOQ5Q==}
    engines: {node: '>=18'}
    cpu: [loong64]
    os: [linux]

  '@esbuild/linux-mips64el@0.27.7':
    resolution: {integrity: sha512-KabT5I6StirGfIz0FMgl1I+R1H73Gp0ofL9A3nG3i/cYFJzKHhouBV5VWK1CSgKvVaG4q1RNpCTR2LuTVB3fIw==}
    engines: {node: '>=18'}
    cpu: [mips64el]
    os: [linux]

  '@esbuild/linux-ppc64@0.27.7':
    resolution: {integrity: sha512-gRsL4x6wsGHGRqhtI+ifpN/vpOFTQtnbsupUF5R5YTAg+y/lKelYR1hXbnBdzDjGbMYjVJLJTd2OFmMewAgwlQ==}
    engines: {node: '>=18'}
    cpu: [ppc64]
    os: [linux]

  '@esbuild/linux-riscv64@0.27.7':
    resolution: {integrity: sha512-hL25LbxO1QOngGzu2U5xeXtxXcW+/GvMN3ejANqXkxZ/opySAZMrc+9LY/WyjAan41unrR3YrmtTsUpwT66InQ==}
    engines: {node: '>=18'}
    cpu: [riscv64]
    os: [linux]

  '@esbuild/linux-s390x@0.27.7':
    resolution: {integrity: sha512-2k8go8Ycu1Kb46vEelhu1vqEP+UeRVj2zY1pSuPdgvbd5ykAw82Lrro28vXUrRmzEsUV0NzCf54yARIK8r0fdw==}
    engines: {node: '>=18'}
    cpu: [s390x]
    os: [linux]

  '@esbuild/linux-x64@0.27.7':
    resolution: {integrity: sha512-hzznmADPt+OmsYzw1EE33ccA+HPdIqiCRq7cQeL1Jlq2gb1+OyWBkMCrYGBJ+sxVzve2ZJEVeePbLM2iEIZSxA==}
    engines: {node: '>=18'}
    cpu: [x64]
    os: [linux]

  '@esbuild/netbsd-arm64@0.27.7':
    resolution: {integrity: sha512-b6pqtrQdigZBwZxAn1UpazEisvwaIDvdbMbmrly7cDTMFnw/+3lVxxCTGOrkPVnsYIosJJXAsILG9XcQS+Yu6w==}
    engines: {node: '>=18'}
    cpu: [arm64]
    os: [netbsd]

  '@esbuild/netbsd-x64@0.27.7':
    resolution: {integrity: sha512-OfatkLojr6U+WN5EDYuoQhtM+1xco+/6FSzJJnuWiUw5eVcicbyK3dq5EeV/QHT1uy6GoDhGbFpprUiHUYggrw==}
    engines: {node: '>=18'}
    cpu: [x64]
    os: [netbsd]

  '@esbuild/openbsd-arm64@0.27.7':
    resolution: {integrity: sha512-AFuojMQTxAz75Fo8idVcqoQWEHIXFRbOc1TrVcFSgCZtQfSdc1RXgB3tjOn/krRHENUB4j00bfGjyl2mJrU37A==}
    engines: {node: '>=18'}
    cpu: [arm64]
    os: [openbsd]

  '@esbuild/openbsd-x64@0.27.7':
    resolution: {integrity: sha512-+A1NJmfM8WNDv5CLVQYJ5PshuRm/4cI6WMZRg1by1GwPIQPCTs1GLEUHwiiQGT5zDdyLiRM/l1G0Pv54gvtKIg==}
    engines: {node: '>=18'}
    cpu: [x64]
    os: [openbsd]

  '@esbuild/openharmony-arm64@0.27.7':
    resolution: {integrity: sha512-+KrvYb/C8zA9CU/g0sR6w2RBw7IGc5J2BPnc3dYc5VJxHCSF1yNMxTV5LQ7GuKteQXZtspjFbiuW5/dOj7H4Yw==}
    engines: {node: '>=18'}
    cpu: [arm64]
    os: [openharmony]

  '@esbuild/sunos-x64@0.27.7':
    resolution: {integrity: sha512-ikktIhFBzQNt/QDyOL580ti9+5mL/YZeUPKU2ivGtGjdTYoqz6jObj6nOMfhASpS4GU4Q/Clh1QtxWAvcYKamA==}
    engines: {node: '>=18'}
    cpu: [x64]
    os: [sunos]

  '@esbuild/win32-arm64@0.27.7':
    resolution: {integrity: sha512-7yRhbHvPqSpRUV7Q20VuDwbjW5kIMwTHpptuUzV+AA46kiPze5Z7qgt6CLCK3pWFrHeNfDd1VKgyP4O+ng17CA==}
    engines: {node: '>=18'}
    cpu: [arm64]
    os: [win32]

  '@esbuild/win32-ia32@0.27.7':
    resolution: {integrity: sha512-SmwKXe6VHIyZYbBLJrhOoCJRB/Z1tckzmgTLfFYOfpMAx63BJEaL9ExI8x7v0oAO3Zh6D/Oi1gVxEYr5oUCFhw==}
    engines: {node: '>=18'}
    cpu: [ia32]
    os: [win32]

  '@esbuild/win32-x64@0.27.7':
    resolution: {integrity: sha512-56hiAJPhwQ1R4i+21FVF7V8kSD5zZTdHcVuRFMW0hn753vVfQN8xlx4uOPT4xoGH0Z/oVATuR82AiqSTDIpaHg==}
    engines: {node: '>=18'}
    cpu: [x64]
    os: [win32]

  '@fastify/busboy@2.1.1':
    resolution: {integrity: sha512-vBZP4NlzfOlerQTnba4aqZoMhE/a9HY7HRqoOPaETQcSQuWEIyZMHGfVu6w9wGtGK5fED5qRs2DteVCjOH60sA==}
    engines: {node: '>=14'}

  '@nodable/entities@2.2.0':
    resolution: {integrity: sha512-9uGyhaQavEUMC8AIddIjau4NsnsXhou+j5sBAGojCM1oxmQpVKTWR/9JxABD6UAv12vpIms55fPZKFQEhG6uBg==}

  '@protobuf-ts/runtime-rpc@2.11.1':
    resolution: {integrity: sha512-4CqqUmNA+/uMz00+d3CYKgElXO9VrEbucjnBFEjqI4GuDrEQ32MaI3q+9qPBvIGOlL4PmHXrzM32vBPWRhQKWQ==}

  '@protobuf-ts/runtime@2.11.1':
    resolution: {integrity: sha512-KuDaT1IfHkugM2pyz+FwiY80ejWrkH1pAtOBOZFuR6SXEFTsnb/jiQWQ1rCIrcKx2BtyxnxW6BWwsVSA/Ie+WQ==}

  '@types/expand-tilde@2.0.2':
    resolution: {integrity: sha512-wlsMYiapmIR4Eq/Z0qysN8xaDMjSkO6AIDNFx9oxgWGeKVA1jU+NzwPRZErBNP5z6/dx6QNkNpKglBGPO9OkTA==}

  '@types/node@22.20.1':
    resolution: {integrity: sha512-EANqOCF9QFyra+4pfxUcX9STKJpCLjMbObVzljIJomAWSnuSIEAvyzEU53GaajbXJEgdh0iEcPL+DGvpUd4k1Q==}

  '@typespec/ts-http-runtime@0.3.6':
    resolution: {integrity: sha512-jIXhD0eWQ1JA6ln/5Dltyx22UxWNrw0hZmhy2rlv6m6KgF7kplHx3g0fzi09lNmTJQRR91OlemYp3xFnvDK9og==}
    engines: {node: '>=20.0.0'}

  abort-controller@3.0.0:
    resolution: {integrity: sha512-h8lQ8tacZYnR3vNQTgibj+tODHI5/+l06Au2Pcriv/Gmet0eaj4TwWH41sO9wnHDiQsEj19q0drzdWdeAHtweg==}
    engines: {node: '>=6.5'}

  agent-base@6.0.2:
    resolution: {integrity: sha512-RZNwNclF7+MS/8bDg70amg32dyeZGZxiDuQmZxKLAlQjr3jGyLx+4Kkk58UO7D2QdgFIQCovuSuZESne6RG6XQ==}
    engines: {node: '>= 6.0.0'}

  agent-base@7.1.4:
    resolution: {integrity: sha512-MnA+YT8fwfJPgBx3m60MNqakm30XOkyIoH1y6huTQvC0PwZG7ki8NacLBcrPbNoo8vEZy7Jpuk7+jMO+CUovTQ==}
    engines: {node: '>= 14'}

  anynum@1.0.1:
    resolution: {integrity: sha512-N6//FLET/tXYNM/F6ABca1oH6fWB+KlTt909Le28WMDBk8oaT4vY17DCrwg2MvmuqUKt3Ni4N5dGJ/EoBgcO6A==}

  asynckit@0.4.0:
    resolution: {integrity: sha512-Oei9OH4tRh0YqU3GxhX79dM/mwVgvbZJaSNaRk+bshkj0S5cfHcgYakreBjrHwatXKbz+IoIdYLxrKim2MjW0Q==}

  axios@1.18.1:
    resolution: {integrity: sha512-3nTvFlvpn9Zu/RkHUqtc7/+al4UpRW5az71ap5zccp6e8RAYEzhMTecX8Dz1wWDYrPpUoB1HAQEGEAEvUr7S9g==}

  balanced-match@1.0.2:
    resolution: {integrity: sha512-3oSeUO0TMV67hN1AmbXsK4yaqU7tjiHlbxRDZOpH0KW9+CeX4bRAaX0Anxt0tx2MrpRpWwQaPwIlISEJhYU5Pw==}

  brace-expansion@1.1.16:
    resolution: {integrity: sha512-IDw48K2/2kRkg9LdJxurvq3lV3aBgq0REY89duEqFRthjlPdXHKMj7EnQOXVckxzgisinf3nHfrcE2FufFLXMw==}

  call-bind-apply-helpers@1.0.2:
    resolution: {integrity: sha512-Sp1ablJ0ivDkSzjcaJdxEunN5/XvksFJ2sMBFfq6x0ryhQV/2b/KwFe21cMpmHtPOSij8K99/wSfoEuTObmuMQ==}
    engines: {node: '>= 0.4'}

  combined-stream@1.0.8:
    resolution: {integrity: sha512-FQN4MRfuJeHf7cBbBMJFXhKSDq+2kAArBlmRBvcvFE5BB1HZKXtSFASDhdlz9zOYwxh8lDdnvmMOe/+5cdoEdg==}
    engines: {node: '>= 0.8'}

  concat-map@0.0.1:
    resolution: {integrity: sha512-/Srv4dswyQNBfohGpz9o6Yb3Gz3SrUDqBH5rTuhGR7ahtlbYKnVxw2bCFMRljaA7EXHaXZ8wsHdodFvbkhKmqg==}

  debug@4.4.3:
    resolution: {integrity: sha512-RGwwWnwQvkVfavKVt22FGLw+xYSdzARwm0ru6DhTVA3umU5hZc28V3kO4stgYryrTlLpuvgI9GiijltAjNbcqA==}
    engines: {node: '>=6.0'}
    peerDependencies:
      supports-color: '*'
    peerDependenciesMeta:
      supports-color:
        optional: true

  delayed-stream@1.0.0:
    resolution: {integrity: sha512-ZySD7Nf91aLB0RxL4KGrKHBXl7Eds1DAmEdcoVawXnLD7SDhpNgtuII2aAkg7a7QS41jxPSZ17p4VdGnMHk3MQ==}
    engines: {node: '>=0.4.0'}

  dunder-proto@1.0.1:
    resolution: {integrity: sha512-KIN/nDJBQRcXw0MLVhZE9iQHmG68qAVIBg9CqmUYjmQIhgij9U5MFvrqkUL5FbtyyzZuOeOt0zdeRe4UY7ct+A==}
    engines: {node: '>= 0.4'}

  es-define-property@1.0.1:
    resolution: {integrity: sha512-e3nRfgfUZ4rNGL232gUgX06QNyyez04KdjFrF+LTRoOXmrOgFKDg4BCdsjW8EnT69eqdYGmRpJwiPVYNrCaW3g==}
    engines: {node: '>= 0.4'}

  es-errors@1.3.0:
    resolution: {integrity: sha512-Zf5H2Kxt2xjTvbJvP2ZWLEICxA6j+hAmMzIlypy4xcBg1vKVnx89Wy0GbS+kf5cwCVFFzdCFh2XSCFNULS6csw==}
    engines: {node: '>= 0.4'}

  es-object-atoms@1.1.2:
    resolution: {integrity: sha512-HWcBoN6NileqtSydK2FqHbS/LoDd2pqrnQHLyJzBj4kOp/ky2MWMN694xOfkK8/SnUsW2DH7EfyVlydKCsm1Zw==}
    engines: {node: '>= 0.4'}

  es-set-tostringtag@2.1.0:
    resolution: {integrity: sha512-j6vWzfrGVfyXxge+O0x5sh6cvxAog0a/4Rdd2K36zCMV5eJ+/+tOAngRO8cODMNWbVRdVlmGZQL2YS3yR8bIUA==}
    engines: {node: '>= 0.4'}

  esbuild@0.27.7:
    resolution: {integrity: sha512-IxpibTjyVnmrIQo5aqNpCgoACA/dTKLTlhMHihVHhdkxKyPO1uBBthumT0rdHmcsk9uMonIWS0m4FljWzILh3w==}
    engines: {node: '>=18'}
    hasBin: true

  event-target-shim@5.0.1:
    resolution: {integrity: sha512-i/2XbnSz/uxRCU6+NdVJgKWDTM427+MqYbkQzD321DuCQJUqOuJKIA0IM2+W2xtYHdKOmZ4dR6fExsd4SXL+WQ==}
    engines: {node: '>=6'}

  events@3.3.0:
    resolution: {integrity: sha512-mQw+2fkQbALzQ7V0MY0IqdnXNOeTtP4r0lN9z7AAawCXgqea7bDii20AYrIBrFd/Hx0M2Ocz6S111CaFkUcb0Q==}
    engines: {node: '>=0.8.x'}

  expand-tilde@2.0.2:
    resolution: {integrity: sha512-A5EmesHW6rfnZ9ysHQjPdJRni0SRar0tjtG5MNtm9n5TUvsYU8oozprtRD4AqHxcZWWlVuAmQo2nWKfN9oyjTw==}
    engines: {node: '>=0.10.0'}

  fast-xml-builder@1.2.1:
    resolution: {integrity: sha512-tPb5TTWfgfVx5BNSi2xV0eLr89POeXXn0dXIsCJ9m1narrWxeIyx6je9d7Rce/3NyXLbvuQmLkxq+RuxMWejvw==}

  fast-xml-parser@5.9.3:
    resolution: {integrity: sha512-brCNCeScma/kqa54J4PIDriSSSLssRkuYaUCpvHJulGc3HGI/xxKUCTDcYkAdqJsyb//ydpbxecjC3hB9+tb/g==}
    hasBin: true

  follow-redirects@1.16.0:
    resolution: {integrity: sha512-y5rN/uOsadFT/JfYwhxRS5R7Qce+g3zG97+JrtFZlC9klX/W5hD7iiLzScI4nZqUS7DNUdhPgw4xI8W2LuXlUw==}
    engines: {node: '>=4.0'}
    peerDependencies:
      debug: '*'
    peerDependenciesMeta:
      debug:
        optional: true

  form-data@2.5.6:
    resolution: {integrity: sha512-Ogz/E85h9tlfJzpI6TuFpGcHZFhLrb9Gw8wq9v40CxSCPnv7ahKr6Xgtkn0KYCDQJ8DNn5VoMO8EXr9V5PadyA==}
    engines: {node: '>= 0.12'}

  form-data@4.0.6:
    resolution: {integrity: sha512-vKatAh4SlVfgbv+YtmhiRjhEMJsYpsG1Y2rMQtR+SVSbytsSD1YGzDIcrAJmdFec88u/+VoGmxnl+80gL1tRCQ==}
    engines: {node: '>= 6'}

  function-bind@1.1.2:
    resolution: {integrity: sha512-7XHNxH7qX9xG5mIwxkhumTox/MIRNcOgDrxWsMt2pAr23WHp6MrRlN7FBSFpCpr+oVO0F744iUgR82nJMfG2SA==}

  get-intrinsic@1.3.0:
    resolution: {integrity: sha512-9fSjSaos/fRIVIp+xSJlE6lfwhES7LNtKaCBIamHsjr2na1BiABJPo0mOjjz8GJDURarmCPGqaiVg5mfjb98CQ==}
    engines: {node: '>= 0.4'}

  get-proto@1.0.1:
    resolution: {integrity: sha512-sTSfBjoXBp89JvIKIefqw7U2CCebsc74kiY6awiGogKtoSGbgjYE/G/+l9sF3MWFPNc9IcoOC4ODfKHfxFmp0g==}
    engines: {node: '>= 0.4'}

  gopd@1.2.0:
    resolution: {integrity: sha512-ZUKRh6/kUFoAiTAtTYPZJ3hw9wNxx+BIBOijnlG9PnrJsCcSjs1wyyD6vJpaYtgnzDrKYRSqf3OO6Rfa93xsRg==}
    engines: {node: '>= 0.4'}

  has-symbols@1.1.0:
    resolution: {integrity: sha512-1cDNdwJ2Jaohmb3sg4OmKaMBwuC48sYni5HUw2DvsC8LjGTLK9h+eb1X6RyuOHe4hT0ULCW68iomhjUoKUqlPQ==}
    engines: {node: '>= 0.4'}

  has-tostringtag@1.0.2:
    resolution: {integrity: sha512-NqADB8VjPFLM2V0VvHUewwwsw0ZWBaIdgo+ieHtK3hasLz4qeCRjYcqfB6AQrBggRKppKF8L52/VqdVsO47Dlw==}
    engines: {node: '>= 0.4'}

  hasown@2.0.4:
    resolution: {integrity: sha512-T2UbfbBEF32wiepXIsMlTW9+dDYC6wMh/t/vYA4tuOMKqWz/n3vr1NFSxQiyP+zk2mXsoMA/i/7qV6LKut1t1A==}
    engines: {node: '>= 0.4'}

  homedir-polyfill@1.0.3:
    resolution: {integrity: sha512-eSmmWE5bZTK2Nou4g0AI3zZ9rswp7GRKoKXS1BLUkvPviOqs4YTN1djQIqrXy9k5gEtdLPy86JjRwsNM9tnDcA==}
    engines: {node: '>=0.10.0'}

  http-proxy-agent@7.0.2:
    resolution: {integrity: sha512-T1gkAiYYDWYx3V5Bmyu7HcfcvL7mUrTWiM6yOfa3PIphViJ/gFPbvidQ+veqSOHci/PxBcDabeUNCzpOODJZig==}
    engines: {node: '>= 14'}

  https-proxy-agent@5.0.1:
    resolution: {integrity: sha512-dFcAjpTQFgoLMzC2VwU+C/CbS7uRL0lWmxDITmqm7C+7F0Odmj6s9l6alZc6AELXhrnggM2CeWSXHGOdX2YtwA==}
    engines: {node: '>= 6'}

  https-proxy-agent@7.0.6:
    resolution: {integrity: sha512-vK9P5/iUfdl95AI+JVyUuIcVtd4ofvtrOr3HNtM2yxC9bnMbEdp3x01OhQNnjb8IJYi38VlTE3mBXwcfvywuSw==}
    engines: {node: '>= 14'}

  is-unsafe@1.0.1:
    resolution: {integrity: sha512-CLK2+VdgERgD96EYm5lUQssZYlRg2tkZnbsxZoacmSiRxiFJ4Nk4SzjCl+Ur+v3kXIY9dTIdb3IH22y1mZ56LA==}

  math-intrinsics@1.1.0:
    resolution: {integrity: sha512-/IXtbwEk5HTPyEwyKX6hGkYXxM9nbj64B+ilVJnC/R6B0pH5G4V3b0pVbL7DBj4tkhBAppbQUlf6F6Xl9LHu1g==}
    engines: {node: '>= 0.4'}

  mime-db@1.52.0:
    resolution: {integrity: sha512-sPU4uV7dYlvtWJxwwxHD0PuihVNiE7TyAbQ5SWxDCB9mUYvOgroQOwYQQOKPJ8CIbE+1ETVlOoK1UC2nU3gYvg==}
    engines: {node: '>= 0.6'}

  mime-types@2.1.35:
    resolution: {integrity: sha512-ZDY+bPm5zTTF+YpCrAU9nK0UgICYPT0QtT1NZWFv4s++TNkcgVaT0g6+4R2uI4MjQjzysHB1zxuWL50hzaeXiw==}
    engines: {node: '>= 0.6'}

  minimatch@3.1.5:
    resolution: {integrity: sha512-VgjWUsnnT6n+NUk6eZq77zeFdpW2LWDzP6zFGrCbHXiYNul5Dzqk2HHQ5uFH2DNW5Xbp8+jVzaeNt94ssEEl4w==}

  ms@2.1.3:
    resolution: {integrity: sha512-6FlzubTLZG3J2a/NVCAleEhjzq5oxgHyaCU9yYXvcLsvoVaHJq/s5xXI6/XXP6tz7R9xAOtHnSO/tXtF3WRTlA==}

  node-fetch@2.7.0:
    resolution: {integrity: sha512-c4FRfUm/dbcWZ7U+1Wq0AwCyFL+3nt2bEw05wfxSz+DWpWsitgmSgYmy2dQdWyKC1694ELPqMs/YzUSNozLt8A==}
    engines: {node: 4.x || >=6.0.0}
    peerDependencies:
      encoding: ^0.1.0
    peerDependenciesMeta:
      encoding:
        optional: true

  parse-passwd@1.0.0:
    resolution: {integrity: sha512-1Y1A//QUXEZK7YKz+rD9WydcE1+EuPr6ZBgKecAB8tmoW6UFv0NREVJe1p+jRxtThkcbbKkfwIbWJe/IeE6m2Q==}
    engines: {node: '>=0.10.0'}

  path-expression-matcher@1.6.2:
    resolution: {integrity: sha512-enSlaiat05iasnzmgNxRj8reFdj3puY2QpNgP1aPIaVfT6nn9ICuPoFlKHk8EN22HcwewshO+mN2DGbkCEOtqQ==}
    engines: {node: '>=14.0.0'}

  proxy-from-env@2.1.0:
    resolution: {integrity: sha512-cJ+oHTW1VAEa8cJslgmUZrc+sjRKgAKl3Zyse6+PV38hZe/V6Z14TbCuXcan9F9ghlz4QrFr2c92TNF82UkYHA==}
    engines: {node: '>=10'}

  safe-buffer@5.2.1:
    resolution: {integrity: sha512-rp3So07KcdmmKbGvgaNxQSJr7bGVSVk5S9Eq1F+ppbRo70+YeaDxkw5Dd8NPN+GD6bjnYm2VuPuCXmpuYvmCXQ==}

  sax@1.6.0:
    resolution: {integrity: sha512-6R3J5M4AcbtLUdZmRv2SygeVaM7IhrLXu9BmnOGmmACak8fiUtOsYNWUS4uK7upbmHIBbLBeFeI//477BKLBzA==}
    engines: {node: '>=11.0.0'}

  semver@6.3.1:
    resolution: {integrity: sha512-BR7VvDCVHO+q2xBEWskxS6DJE1qRnb7DxzUrogb71CWoSficBxYsiAGd+Kl0mmq/MprG9yArRkyrQxTO6XjMzA==}
    hasBin: true

  strnum@2.4.1:
    resolution: {integrity: sha512-M9eUSMT2dCB2cTNPG7UYj6KuK7RJR2SN2+yCV/fTW3xzTCS6EaGZ5pSMgDIjB7r8zSfTGk+dvvn9rTjpVS9Mwg==}

  tr46@0.0.3:
    resolution: {integrity: sha512-N3WMsuqV66lT30CrXNbEjx4GEwlow3v6rr4mCcv6prnfwhS01rkgyFdjPNBYd9br7LpXV1+Emh01fHnq2Gdgrw==}

  tslib@1.14.1:
    resolution: {integrity: sha512-Xni35NKzjgMrwevysHTCArtLDpPvye8zV/0E4EyYn43P7/7qvQwPh9BGkHewbMulVntbigmcT7rdX3BNo9wRJg==}

  tslib@2.8.1:
    resolution: {integrity: sha512-oJFu94HQb+KVduSUQL7wnpmqnfmLsOA/nAh6b6EH0wCEoK0/mPeXU6c3wKDV83MkOuHPRHtSXKKU99IBazS/2w==}

  tunnel@0.0.6:
    resolution: {integrity: sha512-1h/Lnq9yajKY2PEbBadPXj3VxsDDu844OnaAo52UVmIzIvwwtBPIuNvkjuzBlTWpfJyUbG3ez0KSBibQkj4ojg==}
    engines: {node: '>=0.6.11 <=0.7.0 || >=0.7.3'}

  typescript@5.9.3:
    resolution: {integrity: sha512-jl1vZzPDinLr9eUt3J/t7V6FgNEw9QjvBPdysz9KfQDD41fQrC2Y4vKQdiaUpFT4bXlb1RHhLpp8wtm6M5TgSw==}
    engines: {node: '>=14.17'}
    hasBin: true

  undici-types@6.21.0:
    resolution: {integrity: sha512-iwDZqg0QAGrg9Rav5H4n0M64c3mkR59cJ6wQp+7C4nI0gsmExaedaYLNO44eT4AtBBwjbTiGPMlt2Md0T9H9JQ==}

  undici@5.29.0:
    resolution: {integrity: sha512-raqeBD6NQK4SkWhQzeYKd1KmIG6dllBOTt55Rmkt4HtI9mwdWtJljnrXjAFUBLTSN67HWrOIZ3EPF4kjUw80Bg==}
    engines: {node: '>=14.0'}

  undici@6.27.0:
    resolution: {integrity: sha512-YmfV3YnEDzXRC5lZ2jWtWWHKGUm1zIt8AhesR1tens+HTNv+YZlN/dp6G727LOvMJ8xjP9Be7Y2Sdr96LDm+pg==}
    engines: {node: '>=18.17'}

  uuid@8.3.2:
    resolution: {integrity: sha512-+NYs2QeMWy+GWFOEm9xnn6HCDp0l7QBD7ml8zLUmJ+93Q5NF0NocErnwkTkXVFNiX3/fpC6afS8Dhb/gz7R7eg==}
    deprecated: uuid@10 and below is no longer supported.  For ESM codebases, update to uuid@latest.  For CommonJS codebases, use uuid@11 (but be aware this version will likely be deprecated in 2028).
    hasBin: true

  webidl-conversions@3.0.1:
    resolution: {integrity: sha512-2JAn3z8AR6rjK8Sm8orRC0h/bcl/DqL7tRPdGZ4I1CjdF+EaMLmYxBHyXuKL849eucPFhvBoxMsflfOb8kxaeQ==}

  whatwg-url@5.0.0:
    resolution: {integrity: sha512-saE57nupxk6v3HY35+jzBwYa0rKSy0XR8JSxZPwgLr7ys0IBzhGviA1/TUGJLmSVqs8pb9AnvICXEuOHLprYTw==}

  xml-naming@0.1.0:
    resolution: {integrity: sha512-k8KO9hrMyNk6tUWqUfkTEZbezRRpONVOzUTnc97VnCvyj6Tf9lyUR9EDAIeiVLv56jsMcoXEwjW8Kv5yPY52lw==}
    engines: {node: '>=16.0.0'}

  xml2js@0.5.0:
    resolution: {integrity: sha512-drPFnkQJik/O+uPKpqSgr22mpuFHqKdbS835iAQrUC73L2F5WkboIRd63ai/2Yg6I1jzifPFKH2NTK+cfglkIA==}
    engines: {node: '>=4.0.0'}

  xmlbuilder@11.0.1:
    resolution: {integrity: sha512-fDlsI/kFEx7gLvbecc0/ohLG50fugQp8ryHzMTuW9vSa1GJ0XYWKnhsUx7oie3G98+r56aTQIUB4kht42R3JvA==}
    engines: {node: '>=4.0'}

  yaml@2.9.0:
    resolution: {integrity: sha512-2AvhNX3mb8zd6Zy7INTtSpl1F15HW6Wnqj0srWlkKLcpYl/gMIMJiyuGq2KeI2YFxUPjdlB+3Lc10seMLtL4cA==}
    engines: {node: '>= 14.6'}
    hasBin: true

  zod@3.25.76:
    resolution: {integrity: sha512-gzUt/qt81nXsFGKIFcC3YnfEAx5NkunCfnDlvuBSSFS02bcXu4Lmea0AFIUwbLWxWPx3d9p8S5QoaujKcNQxcQ==}

snapshots:

  '@actions/cache@4.1.0':
    dependencies:
      '@actions/core': 1.11.1
      '@actions/exec': 1.1.1
      '@actions/glob': 0.1.2
      '@actions/http-client': 2.2.3
      '@actions/io': 1.1.3
      '@azure/abort-controller': 1.1.0
      '@azure/ms-rest-js': 2.7.0
      '@azure/storage-blob': 12.33.0
      '@protobuf-ts/runtime-rpc': 2.11.1
      semver: 6.3.1
    transitivePeerDependencies:
      - encoding
      - supports-color

  '@actions/core@1.11.1':
    dependencies:
      '@actions/exec': 1.1.1
      '@actions/http-client': 2.2.3

  '@actions/core@2.0.3':
    dependencies:
      '@actions/exec': 2.0.0
      '@actions/http-client': 3.0.2

  '@actions/exec@1.1.1':
    dependencies:
      '@actions/io': 1.1.3

  '@actions/exec@2.0.0':
    dependencies:
      '@actions/io': 2.0.0

  '@actions/glob@0.1.2':
    dependencies:
      '@actions/core': 1.11.1
      minimatch: 3.1.5

  '@actions/glob@0.5.1':
    dependencies:
      '@actions/core': 2.0.3
      minimatch: 3.1.5

  '@actions/http-client@2.2.3':
    dependencies:
      tunnel: 0.0.6
      undici: 5.29.0

  '@actions/http-client@3.0.2':
    dependencies:
      tunnel: 0.0.6
      undici: 6.27.0

  '@actions/io@1.1.3': {}

  '@actions/io@2.0.0': {}

  '@azure/abort-controller@1.1.0':
    dependencies:
      tslib: 2.8.1

  '@azure/abort-controller@2.1.2':
    dependencies:
      tslib: 2.8.1

  '@azure/core-auth@1.10.1':
    dependencies:
      '@azure/abort-controller': 2.1.2
      '@azure/core-util': 1.13.1
      tslib: 2.8.1
    transitivePeerDependencies:
      - supports-color

  '@azure/core-client@1.10.2':
    dependencies:
      '@azure/abort-controller': 2.1.2
      '@azure/core-auth': 1.10.1
      '@azure/core-rest-pipeline': 1.24.0
      '@azure/core-tracing': 1.3.1
      '@azure/core-util': 1.13.1
      '@azure/logger': 1.3.0
      tslib: 2.8.1
    transitivePeerDependencies:
      - supports-color

  '@azure/core-http-compat@2.4.0(@azure/core-client@1.10.2)(@azure/core-rest-pipeline@1.24.0)':
    dependencies:
      '@azure/abort-controller': 2.1.2
      '@azure/core-client': 1.10.2
      '@azure/core-rest-pipeline': 1.24.0

  '@azure/core-lro@2.7.2':
    dependencies:
      '@azure/abort-controller': 2.1.2
      '@azure/core-util': 1.13.1
      '@azure/logger': 1.3.0
      tslib: 2.8.1
    transitivePeerDependencies:
      - supports-color

  '@azure/core-paging@1.6.2':
    dependencies:
      tslib: 2.8.1

  '@azure/core-rest-pipeline@1.24.0':
    dependencies:
      '@azure/abort-controller': 2.1.2
      '@azure/core-auth': 1.10.1
      '@azure/core-tracing': 1.3.1
      '@azure/core-util': 1.13.1
      '@azure/logger': 1.3.0
      '@typespec/ts-http-runtime': 0.3.6
      tslib: 2.8.1
    transitivePeerDependencies:
      - supports-color

  '@azure/core-tracing@1.3.1':
    dependencies:
      tslib: 2.8.1

  '@azure/core-util@1.13.1':
    dependencies:
      '@azure/abort-controller': 2.1.2
      '@typespec/ts-http-runtime': 0.3.6
      tslib: 2.8.1
    transitivePeerDependencies:
      - supports-color

  '@azure/core-xml@1.5.1':
    dependencies:
      fast-xml-parser: 5.9.3
      tslib: 2.8.1

  '@azure/logger@1.3.0':
    dependencies:
      '@typespec/ts-http-runtime': 0.3.6
      tslib: 2.8.1
    transitivePeerDependencies:
      - supports-color

  '@azure/ms-rest-js@2.7.0':
    dependencies:
      '@azure/core-auth': 1.10.1
      abort-controller: 3.0.0
      form-data: 2.5.6
      node-fetch: 2.7.0
      tslib: 1.14.1
      tunnel: 0.0.6
      uuid: 8.3.2
      xml2js: 0.5.0
    transitivePeerDependencies:
      - encoding
      - supports-color

  '@azure/storage-blob@12.33.0':
    dependencies:
      '@azure/abort-controller': 2.1.2
      '@azure/core-auth': 1.10.1
      '@azure/core-client': 1.10.2
      '@azure/core-http-compat': 2.4.0(@azure/core-client@1.10.2)(@azure/core-rest-pipeline@1.24.0)
      '@azure/core-lro': 2.7.2
      '@azure/core-paging': 1.6.2
      '@azure/core-rest-pipeline': 1.24.0
      '@azure/core-tracing': 1.3.1
      '@azure/core-util': 1.13.1
      '@azure/core-xml': 1.5.1
      '@azure/logger': 1.3.0
      '@azure/storage-common': 12.4.1(@azure/core-client@1.10.2)
      events: 3.3.0
      tslib: 2.8.1
    transitivePeerDependencies:
      - supports-color

  '@azure/storage-common@12.4.1(@azure/core-client@1.10.2)':
    dependencies:
      '@azure/abort-controller': 2.1.2
      '@azure/core-auth': 1.10.1
      '@azure/core-http-compat': 2.4.0(@azure/core-client@1.10.2)(@azure/core-rest-pipeline@1.24.0)
      '@azure/core-rest-pipeline': 1.24.0
      '@azure/core-tracing': 1.3.1
      '@azure/core-util': 1.13.1
      '@azure/logger': 1.3.0
      events: 3.3.0
      tslib: 2.8.1
    transitivePeerDependencies:
      - '@azure/core-client'
      - supports-color

  '@esbuild/aix-ppc64@0.27.7':
    optional: true

  '@esbuild/android-arm64@0.27.7':
    optional: true

  '@esbuild/android-arm@0.27.7':
    optional: true

  '@esbuild/android-x64@0.27.7':
    optional: true

  '@esbuild/darwin-arm64@0.27.7':
    optional: true

  '@esbuild/darwin-x64@0.27.7':
    optional: true

  '@esbuild/freebsd-arm64@0.27.7':
    optional: true

  '@esbuild/freebsd-x64@0.27.7':
    optional: true

  '@esbuild/linux-arm64@0.27.7':
    optional: true

  '@esbuild/linux-arm@0.27.7':
    optional: true

  '@esbuild/linux-ia32@0.27.7':
    optional: true

  '@esbuild/linux-loong64@0.27.7':
    optional: true

  '@esbuild/linux-mips64el@0.27.7':
    optional: true

  '@esbuild/linux-ppc64@0.27.7':
    optional: true

  '@esbuild/linux-riscv64@0.27.7':
    optional: true

  '@esbuild/linux-s390x@0.27.7':
    optional: true

  '@esbuild/linux-x64@0.27.7':
    optional: true

  '@esbuild/netbsd-arm64@0.27.7':
    optional: true

  '@esbuild/netbsd-x64@0.27.7':
    optional: true

  '@esbuild/openbsd-arm64@0.27.7':
    optional: true

  '@esbuild/openbsd-x64@0.27.7':
    optional: true

  '@esbuild/openharmony-arm64@0.27.7':
    optional: true

  '@esbuild/sunos-x64@0.27.7':
    optional: true

  '@esbuild/win32-arm64@0.27.7':
    optional: true

  '@esbuild/win32-ia32@0.27.7':
    optional: true

  '@esbuild/win32-x64@0.27.7':
    optional: true

  '@fastify/busboy@2.1.1': {}

  '@nodable/entities@2.2.0': {}

  '@protobuf-ts/runtime-rpc@2.11.1':
    dependencies:
      '@protobuf-ts/runtime': 2.11.1

  '@protobuf-ts/runtime@2.11.1': {}

  '@types/expand-tilde@2.0.2': {}

  '@types/node@22.20.1':
    dependencies:
      undici-types: 6.21.0

  '@typespec/ts-http-runtime@0.3.6':
    dependencies:
      http-proxy-agent: 7.0.2
      https-proxy-agent: 7.0.6
      tslib: 2.8.1
    transitivePeerDependencies:
      - supports-color

  abort-controller@3.0.0:
    dependencies:
      event-target-shim: 5.0.1

  agent-base@6.0.2:
    dependencies:
      debug: 4.4.3
    transitivePeerDependencies:
      - supports-color

  agent-base@7.1.4: {}

  anynum@1.0.1: {}

  asynckit@0.4.0: {}

  axios@1.18.1:
    dependencies:
      follow-redirects: 1.16.0
      form-data: 4.0.6
      https-proxy-agent: 5.0.1
      proxy-from-env: 2.1.0
    transitivePeerDependencies:
      - debug
      - supports-color

  balanced-match@1.0.2: {}

  brace-expansion@1.1.16:
    dependencies:
      balanced-match: 1.0.2
      concat-map: 0.0.1

  call-bind-apply-helpers@1.0.2:
    dependencies:
      es-errors: 1.3.0
      function-bind: 1.1.2

  combined-stream@1.0.8:
    dependencies:
      delayed-stream: 1.0.0

  concat-map@0.0.1: {}

  debug@4.4.3:
    dependencies:
      ms: 2.1.3

  delayed-stream@1.0.0: {}

  dunder-proto@1.0.1:
    dependencies:
      call-bind-apply-helpers: 1.0.2
      es-errors: 1.3.0
      gopd: 1.2.0

  es-define-property@1.0.1: {}

  es-errors@1.3.0: {}

  es-object-atoms@1.1.2:
    dependencies:
      es-errors: 1.3.0

  es-set-tostringtag@2.1.0:
    dependencies:
      es-errors: 1.3.0
      get-intrinsic: 1.3.0
      has-tostringtag: 1.0.2
      hasown: 2.0.4

  esbuild@0.27.7:
    optionalDependencies:
      '@esbuild/aix-ppc64': 0.27.7
      '@esbuild/android-arm': 0.27.7
      '@esbuild/android-arm64': 0.27.7
      '@esbuild/android-x64': 0.27.7
      '@esbuild/darwin-arm64': 0.27.7
      '@esbuild/darwin-x64': 0.27.7
      '@esbuild/freebsd-arm64': 0.27.7
      '@esbuild/freebsd-x64': 0.27.7
      '@esbuild/linux-arm': 0.27.7
      '@esbuild/linux-arm64': 0.27.7
      '@esbuild/linux-ia32': 0.27.7
      '@esbuild/linux-loong64': 0.27.7
      '@esbuild/linux-mips64el': 0.27.7
      '@esbuild/linux-ppc64': 0.27.7
      '@esbuild/linux-riscv64': 0.27.7
      '@esbuild/linux-s390x': 0.27.7
      '@esbuild/linux-x64': 0.27.7
      '@esbuild/netbsd-arm64': 0.27.7
      '@esbuild/netbsd-x64': 0.27.7
      '@esbuild/openbsd-arm64': 0.27.7
      '@esbuild/openbsd-x64': 0.27.7
      '@esbuild/openharmony-arm64': 0.27.7
      '@esbuild/sunos-x64': 0.27.7
      '@esbuild/win32-arm64': 0.27.7
      '@esbuild/win32-ia32': 0.27.7
      '@esbuild/win32-x64': 0.27.7

  event-target-shim@5.0.1: {}

  events@3.3.0: {}

  expand-tilde@2.0.2:
    dependencies:
      homedir-polyfill: 1.0.3

  fast-xml-builder@1.2.1:
    dependencies:
      path-expression-matcher: 1.6.2
      xml-naming: 0.1.0

  fast-xml-parser@5.9.3:
    dependencies:
      '@nodable/entities': 2.2.0
      fast-xml-builder: 1.2.1
      is-unsafe: 1.0.1
      path-expression-matcher: 1.6.2
      strnum: 2.4.1
      xml-naming: 0.1.0

  follow-redirects@1.16.0: {}

  form-data@2.5.6:
    dependencies:
      asynckit: 0.4.0
      combined-stream: 1.0.8
      es-set-tostringtag: 2.1.0
      hasown: 2.0.4
      mime-types: 2.1.35
      safe-buffer: 5.2.1

  form-data@4.0.6:
    dependencies:
      asynckit: 0.4.0
      combined-stream: 1.0.8
      es-set-tostringtag: 2.1.0
      hasown: 2.0.4
      mime-types: 2.1.35

  function-bind@1.1.2: {}

  get-intrinsic@1.3.0:
    dependencies:
      call-bind-apply-helpers: 1.0.2
      es-define-property: 1.0.1
      es-errors: 1.3.0
      es-object-atoms: 1.1.2
      function-bind: 1.1.2
      get-proto: 1.0.1
      gopd: 1.2.0
      has-symbols: 1.1.0
      hasown: 2.0.4
      math-intrinsics: 1.1.0

  get-proto@1.0.1:
    dependencies:
      dunder-proto: 1.0.1
      es-object-atoms: 1.1.2

  gopd@1.2.0: {}

  has-symbols@1.1.0: {}

  has-tostringtag@1.0.2:
    dependencies:
      has-symbols: 1.1.0

  hasown@2.0.4:
    dependencies:
      function-bind: 1.1.2

  homedir-polyfill@1.0.3:
    dependencies:
      parse-passwd: 1.0.0

  http-proxy-agent@7.0.2:
    dependencies:
      agent-base: 7.1.4
      debug: 4.4.3
    transitivePeerDependencies:
      - supports-color

  https-proxy-agent@5.0.1:
    dependencies:
      agent-base: 6.0.2
      debug: 4.4.3
    transitivePeerDependencies:
      - supports-color

  https-proxy-agent@7.0.6:
    dependencies:
      agent-base: 7.1.4
      debug: 4.4.3
    transitivePeerDependencies:
      - supports-color

  is-unsafe@1.0.1: {}

  math-intrinsics@1.1.0: {}

  mime-db@1.52.0: {}

  mime-types@2.1.35:
    dependencies:
      mime-db: 1.52.0

  minimatch@3.1.5:
    dependencies:
      brace-expansion: 1.1.16

  ms@2.1.3: {}

  node-fetch@2.7.0:
    dependencies:
      whatwg-url: 5.0.0

  parse-passwd@1.0.0: {}

  path-expression-matcher@1.6.2: {}

  proxy-from-env@2.1.0: {}

  safe-buffer@5.2.1: {}

  sax@1.6.0: {}

  semver@6.3.1: {}

  strnum@2.4.1:
    dependencies:
      anynum: 1.0.1

  tr46@0.0.3: {}

  tslib@1.14.1: {}

  tslib@2.8.1: {}

  tunnel@0.0.6: {}

  typescript@5.9.3: {}

  undici-types@6.21.0: {}

  undici@5.29.0:
    dependencies:
      '@fastify/busboy': 2.1.1

  undici@6.27.0: {}

  uuid@8.3.2: {}

  webidl-conversions@3.0.1: {}

  whatwg-url@5.0.0:
    dependencies:
      tr46: 0.0.3
      webidl-conversions: 3.0.1

  xml-naming@0.1.0: {}

  xml2js@0.5.0:
    dependencies:
      sax: 1.6.0
      xmlbuilder: 11.0.1

  xmlbuilder@11.0.1: {}

  yaml@2.9.0: {}

  zod@3.25.76: {}
